
Microsoft Visual Studio Solution File, Format Version 12.00
# Visual Studio Version 17
VisualStudioVersion = 17.14.36908.2
MinimumVisualStudioVersion = 10.0.40219.1
Project("{FAE04EC0-301F-11D3-BF4B-00C04F79EFBC}") = "UserManagementService", "UserManagementService\UserManagementService.csproj", "{73FB1061-ADE6-4B9B-8508-161A5629F376}"
EndProject
Project("{FAE04EC0-301F-11D3-BF4B-00C04F79EFBC}") = "EventManagementService", "EventManagementService\EventManagementService.csproj", "{0F427B22-D9DD-4988-8987-49D72D83CFD1}"
EndProject
Project("{FAE04EC0-301F-11D3-BF4B-00C04F79EFBC}") = "LoggingService", "LoggingService\LoggingService.csproj", "{560AE73F-EE37-48FD-8E26-6BF03B186EF5}"
EndProject
Project("{FAE04EC0-301F-11D3-BF4B-00C04F79EFBC}") = "ApiGateway", "ApiGateway\ApiGateway.csproj", "{96FA7F4F-40C2-4F9A-B436-6112C76E598E}"
EndProject
Global
	GlobalSection(SolutionConfigurationPlatforms) = preSolution
		Debug|Any CPU = Debug|Any CPU
		Debug|x64 = Debug|x64
		Debug|x86 = Debug|x86
		Release|Any CPU = Release|Any CPU
		Release|x64 = Release|x64
		Release|x86 = Release|x86
	EndGlobalSection
	GlobalSection(ProjectConfigurationPlatforms) = postSolution
		{73FB1061-ADE6-4B9B-8508-161A5629F376}.Debug|Any CPU.ActiveCfg = Debug|Any CPU
		{73FB1061-ADE6-4B9B-8508-161A5629F376}.Debug|Any CPU.Build.0 = Debug|Any CPU
		{73FB1061-ADE6-4B9B-8508-161A5629F376}.Debug|x64.ActiveCfg = Debug|Any CPU
		{73FB1061-ADE6-4B9B-8508-161A5629F376}.Debug|x64.Build.0 = Debug|Any CPU
		{73FB1061-ADE6-4B9B-8508-161A5629F376}.Debug|x86.ActiveCfg = Debug|Any CPU
		{73FB1061-ADE6-4B9B-8508-161A5629F376}.Debug|x86.Build.0 = Debug|Any CPU
		{73FB1061-ADE6-4B9B-8508-161A5629F376}.Release|Any CPU.ActiveCfg = Release|Any CPU
		{73FB1061-ADE6-4B9B-8508-161A5629F376}.Release|Any CPU.Build.0 = Release|Any CPU
		{73FB1061-ADE6-4B9B-8508-161A5629F376}.Release|x64.ActiveCfg = Release|Any CPU
		{73FB1061-ADE6-4B9B-8508-161A5629F376}.Release|x64.Build.0 = Release|Any CPU
		{73FB1061-ADE6-4B9B-8508-161A5629F376}.Release|x86.ActiveCfg = Release|Any CPU
		{73FB1061-ADE6-4B9B-8508-161A5629F376}.Release|x86.Build.0 = Release|Any CPU
		{0F427B22-D9DD-4988-8987-49D72D83CFD1}.Debug|Any CPU.ActiveCfg = Debug|Any CPU
		{0F427B22-D9DD-4988-8987-49D72D83CFD1}.Debug|Any CPU.Build.0 = Debug|Any CPU
		{0F427B22-D9DD-4988-8987-49D72D83CFD1}.Debug|x64.ActiveCfg = Debug|Any CPU
		{0F427B22-D9DD-4988-8987-49D72D83CFD1}.Debug|x64.Build.0 = Debug|Any CPU
		{0F427B22-D9DD-4988-8987-49D72D83CFD1}.Debug|x86.ActiveCfg = Debug|Any CPU
		{0F427B22-D9DD-4988-8987-49D72D83CFD1}.Debug|x86.Build.0 = Debug|Any CPU
		{0F427B22-D9DD-4988-8987-49D72D83CFD1}.Release|Any CPU.ActiveCfg = Release|Any CPU
		{0F427B22-D9DD-4988-8987-49D72D83CFD1}.Release|Any CPU.Build.0 = Release|Any CPU
		{0F427B22-D9DD-4988-8987-49D72D83CFD1}.Release|x64.ActiveCfg = Release|Any CPU
		{0F427B22-D9DD-4988-8987-49D72D83CFD1}.Release|x64.Build.0 = Release|Any CPU
		{0F427B22-D9DD-4988-8987-49D72D83CFD1}.Release|x86.ActiveCfg = Release|Any CPU
		{0F427B22-D9DD-4988-8987-49D72D83CFD1}.Release|x86.Build.0 = Release|Any CPU
		{560AE73F-EE37-48FD-8E26-6BF03B186EF5}.Debug|Any CPU.ActiveCfg = Debug|Any CPU
		{560AE73F-EE37-48FD-8E26-6BF03B186EF5}.Debug|Any CPU.Build.0 = Debug|Any CPU
		{560AE73F-EE37-48FD-8E26-6BF03B186EF5}.Debug|x64.ActiveCfg = Debug|Any CPU
		{560AE73F-EE37-48FD-8E26-6BF03B186EF5}.Debug|x64.Build.0 = Debug|Any CPU
		{560AE73F-EE37-48FD-8E26-6BF03B186EF5}.Debug|x86.ActiveCfg = Debug|Any CPU
		{560AE73F-EE37-48FD-8E26-6BF03B186EF5}.Debug|x86.Build.0 = Debug|Any CPU
		{560AE73F-EE37-48FD-8E26-6BF03B186EF5}.Release|Any CPU.ActiveCfg = Release|Any CPU
		{560AE73F-EE37-48FD-8E26-6BF03B186EF5}.Release|Any CPU.Build.0 = Release|Any CPU
		{560AE73F-EE37-48FD-8E26-6BF03B186EF5}.Release|x64.ActiveCfg = Release|Any CPU
		{560AE73F-EE37-48FD-8E26-6BF03B186EF5}.Release|x64.Build.0 = Release|Any CPU
		{560AE73F-EE37-48FD-8E26-6BF03B186EF5}.Release|x86.ActiveCfg = Release|Any CPU
		{560AE73F-EE37-48FD-8E26-6BF03B186EF5}.Release|x86.Build.0 = Release|Any CPU
		{96FA7F4F-40C2-4F9A-B436-6112C76E598E}.Debug|Any CPU.ActiveCfg = Debug|Any CPU
		{96FA7F4F-40C2-4F9A-B436-6112C76E598E}.Debug|Any CPU.Build.0 = Debug|Any CPU
		{96FA7F4F-40C2-4F9A-B436-6112C76E598E}.Debug|x64.ActiveCfg = Debug|Any CPU
		{96FA7F4F-40C2-4F9A-B436-6112C76E598E}.Debug|x64.Build.0 = Debug|Any CPU
		{96FA7F4F-40C2-4F9A-B436-6112C76E598E}.Debug|x86.ActiveCfg = Debug|Any CPU
		{96FA7F4F-40C2-4F9A-B436-6112C76E598E}.Debug|x86.Build.0 = Debug|Any CPU
		{96FA7F4F-40C2-4F9A-B436-6112C76E598E}.Release|Any CPU.ActiveCfg = Release|Any CPU
		{96FA7F4F-40C2-4F9A-B436-6112C76E598E}.Release|Any CPU.Build.0 = Release|Any CPU
		{96FA7F4F-40C2-4F9A-B436-6112C76E598E}.Release|x64.ActiveCfg = Release|Any CPU
		{96FA7F4F-40C2-4F9A-B436-6112C76E598E}.Release|x64.Build.0 = Release|Any CPU
		{96FA7F4F-40C2-4F9A-B436-6112C76E598E}.Release|x86.ActiveCfg = Release|Any CPU
		{96FA7F4F-40C2-4F9A-B436-6112C76E598E}.Release|x86.Build.0 = Release|Any CPU
	EndGlobalSection
	GlobalSection(SolutionProperties) = preSolution
		HideSolutionNode = FALSE
	EndGlobalSection
	GlobalSection(ExtensibilityGlobals) = postSolution
		SolutionGuid = {6AB3BF7C-C7D2-440F-BA24-C1C4E6EEDDC4}
	EndGlobalSection
EndGlobal
